# Generated by move; do not edit
# This file should be checked in.

[move]
version = 4

[pinned.testnet.CetusClmm]
source = { git = "https://github.com/CetusProtocol/cetus-contracts.git", subdir = "packages/cetus_clmm", rev = "0a90d59cef9fa86485d81b11cb07a651d76ed360" }
use_environment = "testnet"
manifest_digest = "E2D3B3E35E990074445ABBE94DA38DB3637EBE2312ED7B591A7113E1B462E0AA"
deps = { IntegerMate = "IntegerMate", MoveSTL = "MoveSTL", std = "MoveStdlib", sui = "Sui" }

[pinned.testnet.IntegerMate]
source = { git = "https://github.com/CetusProtocol/integer-mate.git", subdir = ".", rev = "6a1b7f1d77025b7fb7ecfde79c417cb98781be7c" }
use_environment = "testnet"
manifest_digest = "5745706258F61D6CE210904B3E6AE87A73CE9D31A6F93BE4718C442529332A87"
deps = { std = "MoveStdlib", sui = "Sui" }

[pinned.testnet.MoveSTL]
source = { git = "https://github.com/CetusProtocol/move-stl.git", subdir = ".", rev = "1499a0029ecb5cd795725fca5d2824a8c78637df" }
use_environment = "testnet"
manifest_digest = "5745706258F61D6CE210904B3E6AE87A73CE9D31A6F93BE4718C442529332A87"
deps = { std = "MoveStdlib", sui = "Sui" }

[pinned.testnet.MoveStdlib]
source = { git = "https://github.com/MystenLabs/sui.git", subdir = "crates/sui-framework/packages/move-stdlib", rev = "b0535f1f3a3310e71790e90d8ae4e8ca840c897e" }
use_environment = "testnet"
manifest_digest = "C4FE4C91DE74CBF223B2E380AE40F592177D21870DC2D7EB6227D2D694E05363"
deps = {}

[pinned.testnet.MoveStdlib_1]
source = { git = "https://github.com/MystenLabs/sui.git", subdir = "crates/sui-framework/packages/move-stdlib", rev = "ceaaff1cc84c1ba2f12c4e7928914ece81fbdd0f" }
use_environment = "testnet"
manifest_digest = "C4FE4C91DE74CBF223B2E380AE40F592177D21870DC2D7EB6227D2D694E05363"
deps = {}

[pinned.testnet.Sui]
source = { git = "https://github.com/MystenLabs/sui.git", subdir = "crates/sui-framework/packages/sui-framework", rev = "b0535f1f3a3310e71790e90d8ae4e8ca840c897e" }
use_environment = "testnet"
manifest_digest = "7AFB66695545775FBFBB2D3078ADFD084244D5002392E837FDE21D9EA1C6D01C"
deps = { MoveStdlib = "MoveStdlib" }

[pinned.testnet.SuiSystem]
source = { git = "https://github.com/MystenLabs/sui.git", subdir = "crates/sui-framework/packages/sui-system", rev = "ceaaff1cc84c1ba2f12c4e7928914ece81fbdd0f" }
use_environment = "testnet"
manifest_digest = "F1655B9F9B8ECE67FDBA648266DD75B48852F63BF2515856E822586882D1CA2A"
deps = { MoveStdlib = "MoveStdlib_1", Sui = "Sui_1" }

[pinned.testnet.Sui_1]
source = { git = "https://github.com/MystenLabs/sui.git", subdir = "crates/sui-framework/packages/sui-framework", rev = "ceaaff1cc84c1ba2f12c4e7928914ece81fbdd0f" }
use_environment = "testnet"
manifest_digest = "7AFB66695545775FBFBB2D3078ADFD084244D5002392E837FDE21D9EA1C6D01C"
deps = { MoveStdlib = "MoveStdlib_1" }

[pinned.testnet.koshirae]
source = { root = true }
use_environment = "testnet"
manifest_digest = "EC71B52CB1627A2195521D75DD30013BE43B52547033B03FA8758E62807331E7"
deps = { CetusClmm = "CetusClmm", Sui = "Sui_1", SuiSystem = "SuiSystem", std = "MoveStdlib_1" }
